- type: entity
  name: warlock
  parent: MobXenoBaseT3
  id: MobWarlockXeno
  components:
    - type: XenoWarlock
    - type: MobThresholds
      thresholds:
        0: Alive
        200: Dead
    - type: MeleeWeapon
      hidden: true
      damage:
        groups:
          Brute: 30
    - type: MovementSpeedModifier
      baseWalkSpeed: 6
      baseSprintSpeed: 12